
Microsoft Visual Studio Solution File, Format Version 12.00
# Visual Studio Version 16
VisualStudioVersion = 16.0.31410.357
MinimumVisualStudioVersion = 10.0.40219.1
Project("{FAE04EC0-301F-11D3-BF4B-00C04F79EFBC}") = "Aircompany", "Aircompany\Aircompany.csproj", "{E2C134B6-E92E-46F8-B431-5DE4E159B96E}"
EndProject
Project("{FAE04EC0-301F-11D3-BF4B-00C04F79EFBC}") = "Aircompany.Tests", "Aircompany.Tests\Aircompany.Tests.csproj", "{FA3E4039-0C3F-4139-86FE-FE92294554B0}"
EndProject
Global
	GlobalSection(SolutionConfigurationPlatforms) = preSolution
		Debug|Any CPU = Debug|Any CPU
		Release|Any CPU = Release|Any CPU
	EndGlobalSection
	GlobalSection(ProjectConfigurationPlatforms) = postSolution
		{E2C134B6-E92E-46F8-B431-5DE4E159B96E}.Debug|Any CPU.ActiveCfg = Debug|Any CPU
		{E2C134B6-E92E-46F8-B431-5DE4E159B96E}.Debug|Any CPU.Build.0 = Debug|Any CPU
		{E2C134B6-E92E-46F8-B431-5DE4E159B96E}.Release|Any CPU.ActiveCfg = Release|Any CPU
		{E2C134B6-E92E-46F8-B431-5DE4E159B96E}.Release|Any CPU.Build.0 = Release|Any CPU
		{FA3E4039-0C3F-4139-86FE-FE92294554B0}.Debug|Any CPU.ActiveCfg = Debug|Any CPU
		{FA3E4039-0C3F-4139-86FE-FE92294554B0}.Debug|Any CPU.Build.0 = Debug|Any CPU
		{FA3E4039-0C3F-4139-86FE-FE92294554B0}.Release|Any CPU.ActiveCfg = Release|Any CPU
		{FA3E4039-0C3F-4139-86FE-FE92294554B0}.Release|Any CPU.Build.0 = Release|Any CPU
	EndGlobalSection
	GlobalSection(SolutionProperties) = preSolution
		HideSolutionNode = FALSE
	EndGlobalSection
	GlobalSection(ExtensibilityGlobals) = postSolution
		SolutionGuid = {630D0672-D392-4033-8BF5-73BEC2DE8740}
	EndGlobalSection
EndGlobal
